
Microsoft Visual Studio Solution File, Format Version 12.00
# Visual Studio Version 17
VisualStudioVersion = 17.3.32901.215
MinimumVisualStudioVersion = 10.0.40219.1
Project("{FAE04EC0-301F-11D3-BF4B-00C04F79EFBC}") = "Patientenakten", "Patientenakten\Patientenakten.csproj", "{15CF34DD-F1F5-448F-80CD-880024EE0A67}"
EndProject
Global
	GlobalSection(SolutionConfigurationPlatforms) = preSolution
		Debug|Any CPU = Debug|Any CPU
		Release|Any CPU = Release|Any CPU
	EndGlobalSection
	GlobalSection(ProjectConfigurationPlatforms) = postSolution
		{15CF34DD-F1F5-448F-80CD-880024EE0A67}.Debug|Any CPU.ActiveCfg = Debug|Any CPU
		{15CF34DD-F1F5-448F-80CD-880024EE0A67}.Debug|Any CPU.Build.0 = Debug|Any CPU
		{15CF34DD-F1F5-448F-80CD-880024EE0A67}.Release|Any CPU.ActiveCfg = Release|Any CPU
		{15CF34DD-F1F5-448F-80CD-880024EE0A67}.Release|Any CPU.Build.0 = Release|Any CPU
	EndGlobalSection
	GlobalSection(SolutionProperties) = preSolution
		HideSolutionNode = FALSE
	EndGlobalSection
	GlobalSection(ExtensibilityGlobals) = postSolution
		SolutionGuid = {AB276C43-DAE9-4E78-8467-7AA2F4439107}
	EndGlobalSection
EndGlobal
